
Microsoft Visual Studio Solution File, Format Version 12.00
# Visual Studio 2017
Project("{FAE04EC0-301F-11D3-BF4B-00C04F79EFBC}") = "Steamers-master", "Steamers-master.csproj", "{4B0B7E99-B74A-85C3-FFE0-8C44D8A81ABF}"
EndProject
Project("{FAE04EC0-301F-11D3-BF4B-00C04F79EFBC}") = "Steamers-master.Plugins", "Steamers-master.Plugins.csproj", "{6E73B16B-62AB-38D5-ADEE-9F0B0CE53839}"
EndProject
Project("{FAE04EC0-301F-11D3-BF4B-00C04F79EFBC}") = "Steamers-master.Editor", "Steamers-master.Editor.csproj", "{CDE41828-C227-EE04-DBF5-6547F8BE8A2F}"
EndProject
Project("{FAE04EC0-301F-11D3-BF4B-00C04F79EFBC}") = "Steamers-master.Editor.Plugins", "Steamers-master.Editor.Plugins.csproj", "{7C3AA24F-80C6-E70E-800A-996FF037D461}"
EndProject
Global
	GlobalSection(SolutionConfigurationPlatforms) = preSolution
		Debug|Any CPU = Debug|Any CPU
		Release|Any CPU = Release|Any CPU
	EndGlobalSection
	GlobalSection(ProjectConfigurationPlatforms) = postSolution
		{4B0B7E99-B74A-85C3-FFE0-8C44D8A81ABF}.Debug|Any CPU.ActiveCfg = Debug|Any CPU
		{4B0B7E99-B74A-85C3-FFE0-8C44D8A81ABF}.Debug|Any CPU.Build.0 = Debug|Any CPU
		{4B0B7E99-B74A-85C3-FFE0-8C44D8A81ABF}.Release|Any CPU.ActiveCfg = Release|Any CPU
		{4B0B7E99-B74A-85C3-FFE0-8C44D8A81ABF}.Release|Any CPU.Build.0 = Release|Any CPU
		{6E73B16B-62AB-38D5-ADEE-9F0B0CE53839}.Debug|Any CPU.ActiveCfg = Debug|Any CPU
		{6E73B16B-62AB-38D5-ADEE-9F0B0CE53839}.Debug|Any CPU.Build.0 = Debug|Any CPU
		{6E73B16B-62AB-38D5-ADEE-9F0B0CE53839}.Release|Any CPU.ActiveCfg = Release|Any CPU
		{6E73B16B-62AB-38D5-ADEE-9F0B0CE53839}.Release|Any CPU.Build.0 = Release|Any CPU
		{CDE41828-C227-EE04-DBF5-6547F8BE8A2F}.Debug|Any CPU.ActiveCfg = Debug|Any CPU
		{CDE41828-C227-EE04-DBF5-6547F8BE8A2F}.Debug|Any CPU.Build.0 = Debug|Any CPU
		{CDE41828-C227-EE04-DBF5-6547F8BE8A2F}.Release|Any CPU.ActiveCfg = Release|Any CPU
		{CDE41828-C227-EE04-DBF5-6547F8BE8A2F}.Release|Any CPU.Build.0 = Release|Any CPU
		{7C3AA24F-80C6-E70E-800A-996FF037D461}.Debug|Any CPU.ActiveCfg = Debug|Any CPU
		{7C3AA24F-80C6-E70E-800A-996FF037D461}.Debug|Any CPU.Build.0 = Debug|Any CPU
		{7C3AA24F-80C6-E70E-800A-996FF037D461}.Release|Any CPU.ActiveCfg = Release|Any CPU
		{7C3AA24F-80C6-E70E-800A-996FF037D461}.Release|Any CPU.Build.0 = Release|Any CPU
	EndGlobalSection
	GlobalSection(SolutionProperties) = preSolution
		HideSolutionNode = FALSE
	EndGlobalSection
EndGlobal
