Microsoft Visual Studio Solution File, Format Version 11.00
# Visual Studio 2008

Project("{C3D5CF4F-3A2A-2BC1-EEFF-78859B8A0D91}") = "Steamers-master", "Assembly-CSharp-firstpass.csproj", "{A35F5151-46B1-C3D5-5F5C-CC3EC940B165}"
EndProject
Project("{C3D5CF4F-3A2A-2BC1-EEFF-78859B8A0D91}") = "Steamers-master", "Assembly-CSharp.csproj", "{60099AFC-5DCC-82C1-8506-B078D67FE989}"
EndProject
Project("{C3D5CF4F-3A2A-2BC1-EEFF-78859B8A0D91}") = "Steamers-master", "Assembly-CSharp-Editor-firstpass.csproj", "{F488A83C-9738-E6CF-0BD9-E066E22FE6A9}"
EndProject
Project("{C3D5CF4F-3A2A-2BC1-EEFF-78859B8A0D91}") = "Steamers-master", "Assembly-CSharp-Editor.csproj", "{0640957F-BD6C-1BE1-D89C-5163B1A0A10D}"
EndProject
Global
	GlobalSection(SolutionConfigurationPlatforms) = preSolution
		Debug|Any CPU = Debug|Any CPU
		Release|Any CPU = Release|Any CPU
	EndGlobalSection
	GlobalSection(ProjectConfigurationPlatforms) = postSolution
		{A35F5151-46B1-C3D5-5F5C-CC3EC940B165}.Debug|Any CPU.ActiveCfg = Debug|Any CPU
		{A35F5151-46B1-C3D5-5F5C-CC3EC940B165}.Debug|Any CPU.Build.0 = Debug|Any CPU
		{A35F5151-46B1-C3D5-5F5C-CC3EC940B165}.Release|Any CPU.ActiveCfg = Release|Any CPU
		{A35F5151-46B1-C3D5-5F5C-CC3EC940B165}.Release|Any CPU.Build.0 = Release|Any CPU
		{60099AFC-5DCC-82C1-8506-B078D67FE989}.Debug|Any CPU.ActiveCfg = Debug|Any CPU
		{60099AFC-5DCC-82C1-8506-B078D67FE989}.Debug|Any CPU.Build.0 = Debug|Any CPU
		{60099AFC-5DCC-82C1-8506-B078D67FE989}.Release|Any CPU.ActiveCfg = Release|Any CPU
		{60099AFC-5DCC-82C1-8506-B078D67FE989}.Release|Any CPU.Build.0 = Release|Any CPU
		{F488A83C-9738-E6CF-0BD9-E066E22FE6A9}.Debug|Any CPU.ActiveCfg = Debug|Any CPU
		{F488A83C-9738-E6CF-0BD9-E066E22FE6A9}.Debug|Any CPU.Build.0 = Debug|Any CPU
		{F488A83C-9738-E6CF-0BD9-E066E22FE6A9}.Release|Any CPU.ActiveCfg = Release|Any CPU
		{F488A83C-9738-E6CF-0BD9-E066E22FE6A9}.Release|Any CPU.Build.0 = Release|Any CPU
		{0640957F-BD6C-1BE1-D89C-5163B1A0A10D}.Debug|Any CPU.ActiveCfg = Debug|Any CPU
		{0640957F-BD6C-1BE1-D89C-5163B1A0A10D}.Debug|Any CPU.Build.0 = Debug|Any CPU
		{0640957F-BD6C-1BE1-D89C-5163B1A0A10D}.Release|Any CPU.ActiveCfg = Release|Any CPU
		{0640957F-BD6C-1BE1-D89C-5163B1A0A10D}.Release|Any CPU.Build.0 = Release|Any CPU
	EndGlobalSection
	GlobalSection(SolutionProperties) = preSolution
		HideSolutionNode = FALSE
	EndGlobalSection
	GlobalSection(MonoDevelopProperties) = preSolution
		StartupItem = Assembly-CSharp.csproj
	EndGlobalSection
EndGlobal
