Microsoft Visual Studio Solution File, Format Version 11.00
# Visual Studio 2008

Project("{BDDB4D64-CA55-E617-A799-E54BF24F0F85}") = "Steamers-matias", "Assembly-CSharp-firstpass.csproj", "{FA847D0E-D48D-9874-5A48-3BD53380FD81}"
EndProject
Project("{BDDB4D64-CA55-E617-A799-E54BF24F0F85}") = "Steamers-matias", "Assembly-CSharp.csproj", "{0CC1EE53-B33E-6D5D-3CC9-92AFC1F6B392}"
EndProject
Project("{BDDB4D64-CA55-E617-A799-E54BF24F0F85}") = "Steamers-matias", "Assembly-CSharp-Editor.csproj", "{1095435F-4112-E614-A5B9-AB8A03A8E6FE}"
EndProject
Global
	GlobalSection(SolutionConfigurationPlatforms) = preSolution
		Debug|Any CPU = Debug|Any CPU
		Release|Any CPU = Release|Any CPU
	EndGlobalSection
	GlobalSection(ProjectConfigurationPlatforms) = postSolution
		{FA847D0E-D48D-9874-5A48-3BD53380FD81}.Debug|Any CPU.ActiveCfg = Debug|Any CPU
		{FA847D0E-D48D-9874-5A48-3BD53380FD81}.Debug|Any CPU.Build.0 = Debug|Any CPU
		{FA847D0E-D48D-9874-5A48-3BD53380FD81}.Release|Any CPU.ActiveCfg = Release|Any CPU
		{FA847D0E-D48D-9874-5A48-3BD53380FD81}.Release|Any CPU.Build.0 = Release|Any CPU
		{0CC1EE53-B33E-6D5D-3CC9-92AFC1F6B392}.Debug|Any CPU.ActiveCfg = Debug|Any CPU
		{0CC1EE53-B33E-6D5D-3CC9-92AFC1F6B392}.Debug|Any CPU.Build.0 = Debug|Any CPU
		{0CC1EE53-B33E-6D5D-3CC9-92AFC1F6B392}.Release|Any CPU.ActiveCfg = Release|Any CPU
		{0CC1EE53-B33E-6D5D-3CC9-92AFC1F6B392}.Release|Any CPU.Build.0 = Release|Any CPU
		{1095435F-4112-E614-A5B9-AB8A03A8E6FE}.Debug|Any CPU.ActiveCfg = Debug|Any CPU
		{1095435F-4112-E614-A5B9-AB8A03A8E6FE}.Debug|Any CPU.Build.0 = Debug|Any CPU
		{1095435F-4112-E614-A5B9-AB8A03A8E6FE}.Release|Any CPU.ActiveCfg = Release|Any CPU
		{1095435F-4112-E614-A5B9-AB8A03A8E6FE}.Release|Any CPU.Build.0 = Release|Any CPU
	EndGlobalSection
	GlobalSection(SolutionProperties) = preSolution
		HideSolutionNode = FALSE
	EndGlobalSection
	GlobalSection(MonoDevelopProperties) = preSolution
		StartupItem = Assembly-CSharp.csproj
	EndGlobalSection
EndGlobal
