
Microsoft Visual Studio Solution File, Format Version 12.00
# Visual Studio 2013
Project("{FAE04EC0-301F-11D3-BF4B-00C04F79EFBC}") = "Steamers.CSharp", "Steamers.CSharp.csproj", "{8BC1BA8C-3C00-9969-BF5C-EF1392C4894E}"
EndProject
Project("{FAE04EC0-301F-11D3-BF4B-00C04F79EFBC}") = "Steamers.CSharp.Plugins", "Steamers.CSharp.Plugins.csproj", "{4C85FE3A-04CA-943D-F747-D094872D914F}"
EndProject
Project("{FAE04EC0-301F-11D3-BF4B-00C04F79EFBC}") = "Steamers.CSharp.Editor", "Steamers.CSharp.Editor.csproj", "{C2A496D5-98EF-05E8-2CFF-AA052B862A86}"
EndProject
Project("{FAE04EC0-301F-11D3-BF4B-00C04F79EFBC}") = "Steamers.CSharp.Editor.Plugins", "Steamers.CSharp.Editor.Plugins.csproj", "{BE4CA3E9-8DD2-7E88-E688-FC44D7767724}"
EndProject
Global
	GlobalSection(SolutionConfigurationPlatforms) = preSolution
		Debug|Any CPU = Debug|Any CPU
		Release|Any CPU = Release|Any CPU
	EndGlobalSection
	GlobalSection(ProjectConfigurationPlatforms) = postSolution
		{8BC1BA8C-3C00-9969-BF5C-EF1392C4894E}.Debug|Any CPU.ActiveCfg = Debug|Any CPU
		{8BC1BA8C-3C00-9969-BF5C-EF1392C4894E}.Debug|Any CPU.Build.0 = Debug|Any CPU
		{8BC1BA8C-3C00-9969-BF5C-EF1392C4894E}.Release|Any CPU.ActiveCfg = Release|Any CPU
		{8BC1BA8C-3C00-9969-BF5C-EF1392C4894E}.Release|Any CPU.Build.0 = Release|Any CPU
		{4C85FE3A-04CA-943D-F747-D094872D914F}.Debug|Any CPU.ActiveCfg = Debug|Any CPU
		{4C85FE3A-04CA-943D-F747-D094872D914F}.Debug|Any CPU.Build.0 = Debug|Any CPU
		{4C85FE3A-04CA-943D-F747-D094872D914F}.Release|Any CPU.ActiveCfg = Release|Any CPU
		{4C85FE3A-04CA-943D-F747-D094872D914F}.Release|Any CPU.Build.0 = Release|Any CPU
		{C2A496D5-98EF-05E8-2CFF-AA052B862A86}.Debug|Any CPU.ActiveCfg = Debug|Any CPU
		{C2A496D5-98EF-05E8-2CFF-AA052B862A86}.Debug|Any CPU.Build.0 = Debug|Any CPU
		{C2A496D5-98EF-05E8-2CFF-AA052B862A86}.Release|Any CPU.ActiveCfg = Release|Any CPU
		{C2A496D5-98EF-05E8-2CFF-AA052B862A86}.Release|Any CPU.Build.0 = Release|Any CPU
		{BE4CA3E9-8DD2-7E88-E688-FC44D7767724}.Debug|Any CPU.ActiveCfg = Debug|Any CPU
		{BE4CA3E9-8DD2-7E88-E688-FC44D7767724}.Debug|Any CPU.Build.0 = Debug|Any CPU
		{BE4CA3E9-8DD2-7E88-E688-FC44D7767724}.Release|Any CPU.ActiveCfg = Release|Any CPU
		{BE4CA3E9-8DD2-7E88-E688-FC44D7767724}.Release|Any CPU.Build.0 = Release|Any CPU
	EndGlobalSection
	GlobalSection(SolutionProperties) = preSolution
		HideSolutionNode = FALSE
	EndGlobalSection
EndGlobal
